
Microsoft Visual Studio Solution File, Format Version 12.00
# Visual Studio Version 16
VisualStudioVersion = 16.0.31005.135
MinimumVisualStudioVersion = 10.0.40219.1
Project("{FAE04EC0-301F-11D3-BF4B-00C04F79EFBC}") = "AbstractFactory", "AbstractFactory\AbstractFactory.csproj", "{9DF35C30-0E25-4FBC-B9E1-861AC65CC49D}"
EndProject
Global
	GlobalSection(SolutionConfigurationPlatforms) = preSolution
		Debug|Any CPU = Debug|Any CPU
		Release|Any CPU = Release|Any CPU
	EndGlobalSection
	GlobalSection(ProjectConfigurationPlatforms) = postSolution
		{9DF35C30-0E25-4FBC-B9E1-861AC65CC49D}.Debug|Any CPU.ActiveCfg = Debug|Any CPU
		{9DF35C30-0E25-4FBC-B9E1-861AC65CC49D}.Debug|Any CPU.Build.0 = Debug|Any CPU
		{9DF35C30-0E25-4FBC-B9E1-861AC65CC49D}.Release|Any CPU.ActiveCfg = Release|Any CPU
		{9DF35C30-0E25-4FBC-B9E1-861AC65CC49D}.Release|Any CPU.Build.0 = Release|Any CPU
	EndGlobalSection
	GlobalSection(SolutionProperties) = preSolution
		HideSolutionNode = FALSE
	EndGlobalSection
	GlobalSection(ExtensibilityGlobals) = postSolution
		SolutionGuid = {BEA98C3E-7584-45C3-B918-626CB2964DED}
	EndGlobalSection
EndGlobal
