
Microsoft Visual Studio Solution File, Format Version 12.00
# Visual Studio Version 16
VisualStudioVersion = 16.0.31005.135
MinimumVisualStudioVersion = 10.0.40219.1
Project("{FAE04EC0-301F-11D3-BF4B-00C04F79EFBC}") = "SimpleMVC", "SimpleMVC\SimpleMVC.csproj", "{4F05F31C-96CC-4F46-B5FB-53086BC51707}"
EndProject
Global
	GlobalSection(SolutionConfigurationPlatforms) = preSolution
		Debug|Any CPU = Debug|Any CPU
		Release|Any CPU = Release|Any CPU
	EndGlobalSection
	GlobalSection(ProjectConfigurationPlatforms) = postSolution
		{4F05F31C-96CC-4F46-B5FB-53086BC51707}.Debug|Any CPU.ActiveCfg = Debug|Any CPU
		{4F05F31C-96CC-4F46-B5FB-53086BC51707}.Debug|Any CPU.Build.0 = Debug|Any CPU
		{4F05F31C-96CC-4F46-B5FB-53086BC51707}.Release|Any CPU.ActiveCfg = Release|Any CPU
		{4F05F31C-96CC-4F46-B5FB-53086BC51707}.Release|Any CPU.Build.0 = Release|Any CPU
	EndGlobalSection
	GlobalSection(SolutionProperties) = preSolution
		HideSolutionNode = FALSE
	EndGlobalSection
	GlobalSection(ExtensibilityGlobals) = postSolution
		SolutionGuid = {29623CD9-F4AC-4727-A5CA-B5A6FB02F301}
	EndGlobalSection
EndGlobal
