
Microsoft Visual Studio Solution File, Format Version 12.00
# Visual Studio Version 16
VisualStudioVersion = 16.0.31005.135
MinimumVisualStudioVersion = 10.0.40219.1
Project("{FAE04EC0-301F-11D3-BF4B-00C04F79EFBC}") = "PlayerManagerLib", "PlayerManagerLib\PlayerManagerLib.csproj", "{018B8BA8-3A14-4218-9D07-D104976EFC50}"
EndProject
Project("{FAE04EC0-301F-11D3-BF4B-00C04F79EFBC}") = "PlayerManagersTests", "PlayerManagersTests\PlayerManagersTests.csproj", "{BECF5FC7-495C-49BD-A7EB-169B09B9DCCD}"
EndProject
Global
	GlobalSection(SolutionConfigurationPlatforms) = preSolution
		Debug|Any CPU = Debug|Any CPU
		Release|Any CPU = Release|Any CPU
	EndGlobalSection
	GlobalSection(ProjectConfigurationPlatforms) = postSolution
		{018B8BA8-3A14-4218-9D07-D104976EFC50}.Debug|Any CPU.ActiveCfg = Debug|Any CPU
		{018B8BA8-3A14-4218-9D07-D104976EFC50}.Debug|Any CPU.Build.0 = Debug|Any CPU
		{018B8BA8-3A14-4218-9D07-D104976EFC50}.Release|Any CPU.ActiveCfg = Release|Any CPU
		{018B8BA8-3A14-4218-9D07-D104976EFC50}.Release|Any CPU.Build.0 = Release|Any CPU
		{BECF5FC7-495C-49BD-A7EB-169B09B9DCCD}.Debug|Any CPU.ActiveCfg = Debug|Any CPU
		{BECF5FC7-495C-49BD-A7EB-169B09B9DCCD}.Debug|Any CPU.Build.0 = Debug|Any CPU
		{BECF5FC7-495C-49BD-A7EB-169B09B9DCCD}.Release|Any CPU.ActiveCfg = Release|Any CPU
		{BECF5FC7-495C-49BD-A7EB-169B09B9DCCD}.Release|Any CPU.Build.0 = Release|Any CPU
	EndGlobalSection
	GlobalSection(SolutionProperties) = preSolution
		HideSolutionNode = FALSE
	EndGlobalSection
	GlobalSection(ExtensibilityGlobals) = postSolution
		SolutionGuid = {2FF597C1-7D13-4A13-91FC-FAB77A5B80B5}
	EndGlobalSection
EndGlobal
