
Microsoft Visual Studio Solution File, Format Version 12.00
# Visual Studio Version 16
VisualStudioVersion = 16.0.31005.135
MinimumVisualStudioVersion = 10.0.40219.1
Project("{FAE04EC0-301F-11D3-BF4B-00C04F79EFBC}") = "ObserverPattern", "ObserverPattern\ObserverPattern.csproj", "{2B27C284-4C5C-438F-A7C7-F70E88C37DB7}"
EndProject
Global
	GlobalSection(SolutionConfigurationPlatforms) = preSolution
		Debug|Any CPU = Debug|Any CPU
		Release|Any CPU = Release|Any CPU
	EndGlobalSection
	GlobalSection(ProjectConfigurationPlatforms) = postSolution
		{2B27C284-4C5C-438F-A7C7-F70E88C37DB7}.Debug|Any CPU.ActiveCfg = Debug|Any CPU
		{2B27C284-4C5C-438F-A7C7-F70E88C37DB7}.Debug|Any CPU.Build.0 = Debug|Any CPU
		{2B27C284-4C5C-438F-A7C7-F70E88C37DB7}.Release|Any CPU.ActiveCfg = Release|Any CPU
		{2B27C284-4C5C-438F-A7C7-F70E88C37DB7}.Release|Any CPU.Build.0 = Release|Any CPU
	EndGlobalSection
	GlobalSection(SolutionProperties) = preSolution
		HideSolutionNode = FALSE
	EndGlobalSection
	GlobalSection(ExtensibilityGlobals) = postSolution
		SolutionGuid = {36EF8359-BFD6-488A-B0A6-7258D4CBF4C2}
	EndGlobalSection
EndGlobal
