
Microsoft Visual Studio Solution File, Format Version 12.00
# Visual Studio Version 16
VisualStudioVersion = 16.0.31005.135
MinimumVisualStudioVersion = 10.0.40219.1
Project("{FAE04EC0-301F-11D3-BF4B-00C04F79EFBC}") = "SingletonPattern", "SingletonPattern\SingletonPattern.csproj", "{D7A659F3-5721-40B9-9B2F-9A69E628A8C8}"
EndProject
Global
	GlobalSection(SolutionConfigurationPlatforms) = preSolution
		Debug|Any CPU = Debug|Any CPU
		Release|Any CPU = Release|Any CPU
	EndGlobalSection
	GlobalSection(ProjectConfigurationPlatforms) = postSolution
		{D7A659F3-5721-40B9-9B2F-9A69E628A8C8}.Debug|Any CPU.ActiveCfg = Debug|Any CPU
		{D7A659F3-5721-40B9-9B2F-9A69E628A8C8}.Debug|Any CPU.Build.0 = Debug|Any CPU
		{D7A659F3-5721-40B9-9B2F-9A69E628A8C8}.Release|Any CPU.ActiveCfg = Release|Any CPU
		{D7A659F3-5721-40B9-9B2F-9A69E628A8C8}.Release|Any CPU.Build.0 = Release|Any CPU
	EndGlobalSection
	GlobalSection(SolutionProperties) = preSolution
		HideSolutionNode = FALSE
	EndGlobalSection
	GlobalSection(ExtensibilityGlobals) = postSolution
		SolutionGuid = {E2875751-7501-4BE7-969B-704BCC5C8D5F}
	EndGlobalSection
EndGlobal
